
Microsoft Visual Studio Solution File, Format Version 12.00
# Visual Studio 15
VisualStudioVersion = 15.0.26124.0
MinimumVisualStudioVersion = 15.0.26124.0
Project("{2150E333-8FDC-42A3-9474-1A3956D46DE8}") = "src", "src", "{12168038-D87B-474D-966C-E81FB5D2412D}"
EndProject
Project("{FAE04EC0-301F-11D3-BF4B-00C04F79EFBC}") = "FruitCart.Checkout", "src\FruitCart.Checkout\FruitCart.Checkout.csproj", "{FB4A7FD7-8BA1-4979-B734-207B3685E796}"
EndProject
Project("{2150E333-8FDC-42A3-9474-1A3956D46DE8}") = "tests", "tests", "{5C1A6BC5-15AB-4D30-93AA-B9F02AC53743}"
EndProject
Project("{FAE04EC0-301F-11D3-BF4B-00C04F79EFBC}") = "FruitCart.Checkout.Tests", "tests\FruitCart.Checkout.Tests\FruitCart.Checkout.Tests.csproj", "{FD83C223-A638-400E-BC91-B64B7AABAB04}"
EndProject
Project("{FAE04EC0-301F-11D3-BF4B-00C04F79EFBC}") = "FruitCart.Products", "src\FruitCart.Products\FruitCart.Products.csproj", "{C1DDF9DE-ABF0-4007-B502-C712F4B4EB70}"
EndProject
Project("{FAE04EC0-301F-11D3-BF4B-00C04F79EFBC}") = "FruitCart.Products.Tests", "tests\FruitCart.Products.Tests\FruitCart.Products.Tests.csproj", "{91CF1F73-82D5-4D12-80C6-F49E23579863}"
EndProject
Global
	GlobalSection(SolutionConfigurationPlatforms) = preSolution
		Debug|Any CPU = Debug|Any CPU
		Debug|x64 = Debug|x64
		Debug|x86 = Debug|x86
		Release|Any CPU = Release|Any CPU
		Release|x64 = Release|x64
		Release|x86 = Release|x86
	EndGlobalSection
	GlobalSection(SolutionProperties) = preSolution
		HideSolutionNode = FALSE
	EndGlobalSection
	GlobalSection(ProjectConfigurationPlatforms) = postSolution
		{FB4A7FD7-8BA1-4979-B734-207B3685E796}.Debug|Any CPU.ActiveCfg = Debug|Any CPU
		{FB4A7FD7-8BA1-4979-B734-207B3685E796}.Debug|Any CPU.Build.0 = Debug|Any CPU
		{FB4A7FD7-8BA1-4979-B734-207B3685E796}.Debug|x64.ActiveCfg = Debug|Any CPU
		{FB4A7FD7-8BA1-4979-B734-207B3685E796}.Debug|x64.Build.0 = Debug|Any CPU
		{FB4A7FD7-8BA1-4979-B734-207B3685E796}.Debug|x86.ActiveCfg = Debug|Any CPU
		{FB4A7FD7-8BA1-4979-B734-207B3685E796}.Debug|x86.Build.0 = Debug|Any CPU
		{FB4A7FD7-8BA1-4979-B734-207B3685E796}.Release|Any CPU.ActiveCfg = Release|Any CPU
		{FB4A7FD7-8BA1-4979-B734-207B3685E796}.Release|Any CPU.Build.0 = Release|Any CPU
		{FB4A7FD7-8BA1-4979-B734-207B3685E796}.Release|x64.ActiveCfg = Release|Any CPU
		{FB4A7FD7-8BA1-4979-B734-207B3685E796}.Release|x64.Build.0 = Release|Any CPU
		{FB4A7FD7-8BA1-4979-B734-207B3685E796}.Release|x86.ActiveCfg = Release|Any CPU
		{FB4A7FD7-8BA1-4979-B734-207B3685E796}.Release|x86.Build.0 = Release|Any CPU
		{FD83C223-A638-400E-BC91-B64B7AABAB04}.Debug|Any CPU.ActiveCfg = Debug|Any CPU
		{FD83C223-A638-400E-BC91-B64B7AABAB04}.Debug|Any CPU.Build.0 = Debug|Any CPU
		{FD83C223-A638-400E-BC91-B64B7AABAB04}.Debug|x64.ActiveCfg = Debug|Any CPU
		{FD83C223-A638-400E-BC91-B64B7AABAB04}.Debug|x64.Build.0 = Debug|Any CPU
		{FD83C223-A638-400E-BC91-B64B7AABAB04}.Debug|x86.ActiveCfg = Debug|Any CPU
		{FD83C223-A638-400E-BC91-B64B7AABAB04}.Debug|x86.Build.0 = Debug|Any CPU
		{FD83C223-A638-400E-BC91-B64B7AABAB04}.Release|Any CPU.ActiveCfg = Release|Any CPU
		{FD83C223-A638-400E-BC91-B64B7AABAB04}.Release|Any CPU.Build.0 = Release|Any CPU
		{FD83C223-A638-400E-BC91-B64B7AABAB04}.Release|x64.ActiveCfg = Release|Any CPU
		{FD83C223-A638-400E-BC91-B64B7AABAB04}.Release|x64.Build.0 = Release|Any CPU
		{FD83C223-A638-400E-BC91-B64B7AABAB04}.Release|x86.ActiveCfg = Release|Any CPU
		{FD83C223-A638-400E-BC91-B64B7AABAB04}.Release|x86.Build.0 = Release|Any CPU
		{C1DDF9DE-ABF0-4007-B502-C712F4B4EB70}.Debug|Any CPU.ActiveCfg = Debug|Any CPU
		{C1DDF9DE-ABF0-4007-B502-C712F4B4EB70}.Debug|Any CPU.Build.0 = Debug|Any CPU
		{C1DDF9DE-ABF0-4007-B502-C712F4B4EB70}.Debug|x64.ActiveCfg = Debug|Any CPU
		{C1DDF9DE-ABF0-4007-B502-C712F4B4EB70}.Debug|x64.Build.0 = Debug|Any CPU
		{C1DDF9DE-ABF0-4007-B502-C712F4B4EB70}.Debug|x86.ActiveCfg = Debug|Any CPU
		{C1DDF9DE-ABF0-4007-B502-C712F4B4EB70}.Debug|x86.Build.0 = Debug|Any CPU
		{C1DDF9DE-ABF0-4007-B502-C712F4B4EB70}.Release|Any CPU.ActiveCfg = Release|Any CPU
		{C1DDF9DE-ABF0-4007-B502-C712F4B4EB70}.Release|Any CPU.Build.0 = Release|Any CPU
		{C1DDF9DE-ABF0-4007-B502-C712F4B4EB70}.Release|x64.ActiveCfg = Release|Any CPU
		{C1DDF9DE-ABF0-4007-B502-C712F4B4EB70}.Release|x64.Build.0 = Release|Any CPU
		{C1DDF9DE-ABF0-4007-B502-C712F4B4EB70}.Release|x86.ActiveCfg = Release|Any CPU
		{C1DDF9DE-ABF0-4007-B502-C712F4B4EB70}.Release|x86.Build.0 = Release|Any CPU
		{91CF1F73-82D5-4D12-80C6-F49E23579863}.Debug|Any CPU.ActiveCfg = Debug|Any CPU
		{91CF1F73-82D5-4D12-80C6-F49E23579863}.Debug|Any CPU.Build.0 = Debug|Any CPU
		{91CF1F73-82D5-4D12-80C6-F49E23579863}.Debug|x64.ActiveCfg = Debug|Any CPU
		{91CF1F73-82D5-4D12-80C6-F49E23579863}.Debug|x64.Build.0 = Debug|Any CPU
		{91CF1F73-82D5-4D12-80C6-F49E23579863}.Debug|x86.ActiveCfg = Debug|Any CPU
		{91CF1F73-82D5-4D12-80C6-F49E23579863}.Debug|x86.Build.0 = Debug|Any CPU
		{91CF1F73-82D5-4D12-80C6-F49E23579863}.Release|Any CPU.ActiveCfg = Release|Any CPU
		{91CF1F73-82D5-4D12-80C6-F49E23579863}.Release|Any CPU.Build.0 = Release|Any CPU
		{91CF1F73-82D5-4D12-80C6-F49E23579863}.Release|x64.ActiveCfg = Release|Any CPU
		{91CF1F73-82D5-4D12-80C6-F49E23579863}.Release|x64.Build.0 = Release|Any CPU
		{91CF1F73-82D5-4D12-80C6-F49E23579863}.Release|x86.ActiveCfg = Release|Any CPU
		{91CF1F73-82D5-4D12-80C6-F49E23579863}.Release|x86.Build.0 = Release|Any CPU
	EndGlobalSection
	GlobalSection(NestedProjects) = preSolution
		{FB4A7FD7-8BA1-4979-B734-207B3685E796} = {12168038-D87B-474D-966C-E81FB5D2412D}
		{FD83C223-A638-400E-BC91-B64B7AABAB04} = {5C1A6BC5-15AB-4D30-93AA-B9F02AC53743}
		{C1DDF9DE-ABF0-4007-B502-C712F4B4EB70} = {12168038-D87B-474D-966C-E81FB5D2412D}
		{91CF1F73-82D5-4D12-80C6-F49E23579863} = {5C1A6BC5-15AB-4D30-93AA-B9F02AC53743}
	EndGlobalSection
EndGlobal
